
Microsoft Visual Studio Solution File, Format Version 12.00
# Visual Studio Version 17
VisualStudioVersion = 17.7.34018.315
MinimumVisualStudioVersion = 10.0.40219.1
Project("{FAE04EC0-301F-11D3-BF4B-00C04F79EFBC}") = "UAA14 WPF1_AjdiniSefedin", "UAA14 WPF1_AjdiniSefedin\UAA14 WPF1_AjdiniSefedin.csproj", "{BAF40A77-E3CE-48D3-AA54-3C41E51830E0}"
EndProject
Global
	GlobalSection(SolutionConfigurationPlatforms) = preSolution
		Debug|Any CPU = Debug|Any CPU
		Release|Any CPU = Release|Any CPU
	EndGlobalSection
	GlobalSection(ProjectConfigurationPlatforms) = postSolution
		{BAF40A77-E3CE-48D3-AA54-3C41E51830E0}.Debug|Any CPU.ActiveCfg = Debug|Any CPU
		{BAF40A77-E3CE-48D3-AA54-3C41E51830E0}.Debug|Any CPU.Build.0 = Debug|Any CPU
		{BAF40A77-E3CE-48D3-AA54-3C41E51830E0}.Release|Any CPU.ActiveCfg = Release|Any CPU
		{BAF40A77-E3CE-48D3-AA54-3C41E51830E0}.Release|Any CPU.Build.0 = Release|Any CPU
	EndGlobalSection
	GlobalSection(SolutionProperties) = preSolution
		HideSolutionNode = FALSE
	EndGlobalSection
	GlobalSection(ExtensibilityGlobals) = postSolution
		SolutionGuid = {B9F4D0C4-AD9D-4744-9D83-41A47642E5B9}
	EndGlobalSection
EndGlobal
